lockfileVersion: '9.0'

settings:
  autoInstallPeers: true
  excludeLinksFromLockfile: false

importers:

  .:
    dependencies:
      nest:
        specifier: ^0.1.6
        version: 0.1.6

packages:

  nest@0.1.6:
    resolution: {integrity: sha512-21378J/6pHB9EZMId5yz9DaxVj778pCHhzfXhRLLrLWZydpLgbsyxL5B5QyTSWJBk5L8XbiGgMvNZMb/qBySYg==}

snapshots:

  nest@0.1.6: {}
